{
  "nodes": {
    "liberate": {
      "inputs": {
        "nixpkgs": [
          "nixpkgs"
        ]
      },
      "locked": {
        "lastModified": 1628090349,
        "narHash": "sha256-B3LbWc2Ho1MSohlkx2DLWeneldxoAjoB7EjQv/qPQuo=",
        "owner": "ngi-nix",
        "repo": "liberate",
        "rev": "5d168bc8f208a578b21716234f4f16a5bcafad50",
        "type": "github"
      },
      "original": {
        "owner": "ngi-nix",
        "repo": "liberate",
        "type": "github"
      }
    },
    "nixpkgs": {
      "locked": {
        "lastModified": 1627892869,
        "narHash": "sha256-Fg0KPi9oGTZ7Ju7rb8foq0GOZI3++ZaF6wf10ClMA58=",
        "owner": "NixOS",
        "repo": "nixpkgs",
        "rev": "d4590d21006387dcb190c516724cb1e41c0f8fdf",
        "type": "github"
      },
      "original": {
        "owner": "NixOS",
        "ref": "nixos-21.05",
        "repo": "nixpkgs",
        "type": "github"
      }
    },
    "root": {
      "inputs": {
        "liberate": "liberate",
        "nixpkgs": "nixpkgs"
      }
    }
  },
  "root": "root",
  "version": 7
}
